
Microsoft Visual Studio Solution File, Format Version 12.00
# Visual Studio Version 17
VisualStudioVersion = 17.9.34622.214
MinimumVisualStudioVersion = 10.0.40219.1
Project("{FAE04EC0-301F-11D3-BF4B-00C04F79EFBC}") = "Assignment_Template_1", "Assignment_Template_1.csproj", "{17F0D596-8083-4FF2-B303-EC1CBDC9C50C}"
EndProject
Global
	GlobalSection(SolutionConfigurationPlatforms) = preSolution
		Debug|Any CPU = Debug|Any CPU
		Release|Any CPU = Release|Any CPU
	EndGlobalSection
	GlobalSection(ProjectConfigurationPlatforms) = postSolution
		{17F0D596-8083-4FF2-B303-EC1CBDC9C50C}.Debug|Any CPU.ActiveCfg = Debug|Any CPU
		{17F0D596-8083-4FF2-B303-EC1CBDC9C50C}.Debug|Any CPU.Build.0 = Debug|Any CPU
		{17F0D596-8083-4FF2-B303-EC1CBDC9C50C}.Release|Any CPU.ActiveCfg = Release|Any CPU
		{17F0D596-8083-4FF2-B303-EC1CBDC9C50C}.Release|Any CPU.Build.0 = Release|Any CPU
	EndGlobalSection
	GlobalSection(SolutionProperties) = preSolution
		HideSolutionNode = FALSE
	EndGlobalSection
	GlobalSection(ExtensibilityGlobals) = postSolution
		SolutionGuid = {B47D5F3F-EBF8-4251-BF7A-FEDECC8BC5A8}
	EndGlobalSection
EndGlobal
